
Microsoft Visual Studio Solution File, Format Version 12.00
# Visual Studio Version 16
VisualStudioVersion = 16.0.30804.86
MinimumVisualStudioVersion = 10.0.40219.1
Project("{FAE04EC0-301F-11D3-BF4B-00C04F79EFBC}") = "TernaryProject", "TernaryProject\TernaryProject.csproj", "{10C603E5-A874-4E6A-9294-D0BA1B7FD4F9}"
EndProject
Global
	GlobalSection(SolutionConfigurationPlatforms) = preSolution
		Debug|Any CPU = Debug|Any CPU
		Release|Any CPU = Release|Any CPU
	EndGlobalSection
	GlobalSection(ProjectConfigurationPlatforms) = postSolution
		{10C603E5-A874-4E6A-9294-D0BA1B7FD4F9}.Debug|Any CPU.ActiveCfg = Debug|Any CPU
		{10C603E5-A874-4E6A-9294-D0BA1B7FD4F9}.Debug|Any CPU.Build.0 = Debug|Any CPU
		{10C603E5-A874-4E6A-9294-D0BA1B7FD4F9}.Release|Any CPU.ActiveCfg = Release|Any CPU
		{10C603E5-A874-4E6A-9294-D0BA1B7FD4F9}.Release|Any CPU.Build.0 = Release|Any CPU
	EndGlobalSection
	GlobalSection(SolutionProperties) = preSolution
		HideSolutionNode = FALSE
	EndGlobalSection
	GlobalSection(ExtensibilityGlobals) = postSolution
		SolutionGuid = {45AC964D-4A87-479B-9D25-B702EBC3E503}
	EndGlobalSection
EndGlobal
